// !$*UTF8*$!
{
	archiveVersion = 1;
	classes = {
	};
	objectVersion = 48;
	objects = {

/* Begin PBXBuildFile section */
		18BB1AA5202850BA00BB1758 /* HTRelationKeyBoard.m in Sources */ = {isa = PBXBuildFile; fileRef = 18BB1AA4202850BA00BB1758 /* HTRelationKeyBoard.m */; };
		18BB1AA8202850C000BB1758 /* UIView+Borders.m in Sources */ = {isa = PBXBuildFile; fileRef = 18BB1AA7202850C000BB1758 /* UIView+Borders.m */; };
		18BB1AAB2028530D00BB1758 /* UIView+Extension.m in Sources */ = {isa = PBXBuildFile; fileRef = 18BB1AAA2028530D00BB1758 /* UIView+Extension.m */; };
		18BB1AAE2028538100BB1758 /* HTColor.m in Sources */ = {isa = PBXBuildFile; fileRef = 18BB1AAC2028538100BB1758 /* HTColor.m */; };
		A48AA30FAC65C6349842FF54 /* libPods-RelationshipCalc.a in Frameworks */ = {isa = PBXBuildFile; fileRef = 20DFE5B8C3AB32EDB786F3C3 /* libPods-RelationshipCalc.a */; };
		D94ACFB9202A95500088D58D /* RCLogManager.m in Sources */ = {isa = PBXBuildFile; fileRef = D94ACFB8202A95500088D58D /* RCLogManager.m */; };
		D9802EC5201EED6C000EC5C9 /* AppDelegate.m in Sources */ = {isa = PBXBuildFile; fileRef = D9802EC4201EED6C000EC5C9 /* AppDelegate.m */; };
		D9802EC8201EED6C000EC5C9 /* ViewController.m in Sources */ = {isa = PBXBuildFile; fileRef = D9802EC7201EED6C000EC5C9 /* ViewController.m */; };
		D9802ECD201EED6C000EC5C9 /* Assets.xcassets in Resources */ = {isa = PBXBuildFile; fileRef = D9802ECC201EED6C000EC5C9 /* Assets.xcassets */; };
		D9802ED0201EED6C000EC5C9 /* LaunchScreen.storyboard in Resources */ = {isa = PBXBuildFile; fileRef = D9802ECE201EED6C000EC5C9 /* LaunchScreen.storyboard */; };
		D9802ED3201EED6C000EC5C9 /* main.m in Sources */ = {isa = PBXBuildFile; fileRef = D9802ED2201EED6C000EC5C9 /* main.m */; };
		D9F41188202734A30064A6F2 /* RCRelationViewModel.m in Sources */ = {isa = PBXBuildFile; fileRef = D9F41187202734A30064A6F2 /* RCRelationViewModel.m */; };
		D9F4118B202734F60064A6F2 /* filter.json in Resources */ = {isa = PBXBuildFile; fileRef = D9F41189202734F60064A6F2 /* filter.json */; };
		D9F4118C202734F60064A6F2 /* data.json in Resources */ = {isa = PBXBuildFile; fileRef = D9F4118A202734F60064A6F2 /* data.json */; };
		D9F4119D202744470064A6F2 /* RCRelationViewModelTestCase.m in Sources */ = {isa = PBXBuildFile; fileRef = D9F4119C202744470064A6F2 /* RCRelationViewModelTestCase.m */; };
/* End PBXBuildFile section */

/* Begin PBXContainerItemProxy section */
		D9F41197202744350064A6F2 /* PBXContainerItemProxy */ = {
			isa = PBXContainerItemProxy;
			containerPortal = D9802EB8201EED6C000EC5C9 /* Project object */;
			proxyType = 1;
			remoteGlobalIDString = D9802EBF201EED6C000EC5C9;
			remoteInfo = RelationshipCalc;
		};
/* End PBXContainerItemProxy section */

/* Begin PBXFileReference section */
		18BB1AA3202850BA00BB1758 /* HTRelationKeyBoard.h */ = {isa = PBXFileReference; fileEncoding = 4; lastKnownFileType = sourcecode.c.h; path = HTRelationKeyBoard.h; sourceTree = "<group>"; };
		18BB1AA4202850BA00BB1758 /* HTRelationKeyBoard.m */ = {isa = PBXFileReference; fileEncoding = 4; lastKnownFileType = sourcecode.c.objc; path = HTRelationKeyBoard.m; sourceTree = "<group>"; };
		18BB1AA6202850C000BB1758 /* UIView+Borders.h */ = {isa = PBXFileReference; fileEncoding = 4; lastKnownFileType = sourcecode.c.h; path = "UIView+Borders.h"; sourceTree = "<group>"; };
		18BB1AA7202850C000BB1758 /* UIView+Borders.m */ = {isa = PBXFileReference; fileEncoding = 4; lastKnownFileType = sourcecode.c.objc; path = "UIView+Borders.m"; sourceTree = "<group>"; };
		18BB1AA92028530D00BB1758 /* UIView+Extension.h */ = {isa = PBXFileReference; fileEncoding = 4; lastKnownFileType = sourcecode.c.h; path = "UIView+Extension.h"; sourceTree = "<group>"; };
		18BB1AAA2028530D00BB1758 /* UIView+Extension.m */ = {isa = PBXFileReference; fileEncoding = 4; lastKnownFileType = sourcecode.c.objc; path = "UIView+Extension.m"; sourceTree = "<group>"; };
		18BB1AAC2028538100BB1758 /* HTColor.m */ = {isa = PBXFileReference; fileEncoding = 4; lastKnownFileType = sourcecode.c.objc; path = HTColor.m; sourceTree = "<group>"; };
		18BB1AAD2028538100BB1758 /* HTColor.h */ = {isa = PBXFileReference; fileEncoding = 4; lastKnownFileType = sourcecode.c.h; path = HTColor.h; sourceTree = "<group>"; };
		20DFE5B8C3AB32EDB786F3C3 /* libPods-RelationshipCalc.a */ = {isa = PBXFileReference; explicitFileType = archive.ar; includeInIndex = 0; path = "libPods-RelationshipCalc.a"; sourceTree = BUILT_PRODUCTS_DIR; };
		440C1417C089A4F42A4464B9 /* Pods-RelationshipCalc.debug.xcconfig */ = {isa = PBXFileReference; includeInIndex = 1; lastKnownFileType = text.xcconfig; name = "Pods-RelationshipCalc.debug.xcconfig"; path = "Pods/Target Support Files/Pods-RelationshipCalc/Pods-RelationshipCalc.debug.xcconfig"; sourceTree = "<group>"; };
		D91AD8D7DFE1CDB7947CAF84 /* Pods-RelationshipCalc.release.xcconfig */ = {isa = PBXFileReference; includeInIndex = 1; lastKnownFileType = text.xcconfig; name = "Pods-RelationshipCalc.release.xcconfig"; path = "Pods/Target Support Files/Pods-RelationshipCalc/Pods-RelationshipCalc.release.xcconfig"; sourceTree = "<group>"; };
		D94ACFB7202A95500088D58D /* RCLogManager.h */ = {isa = PBXFileReference; lastKnownFileType = sourcecode.c.h; path = RCLogManager.h; sourceTree = "<group>"; };
		D94ACFB8202A95500088D58D /* RCLogManager.m */ = {isa = PBXFileReference; lastKnownFileType = sourcecode.c.objc; path = RCLogManager.m; sourceTree = "<group>"; };
		D94ACFBA202A98190088D58D /* RelationshipCalc-Prefix.pch */ = {isa = PBXFileReference; lastKnownFileType = sourcecode.c.h; path = "RelationshipCalc-Prefix.pch"; sourceTree = "<group>"; };
		D9802EC0201EED6C000EC5C9 /* RelationshipCalc.app */ = {isa = PBXFileReference; explicitFileType = wrapper.application; includeInIndex = 0; path = RelationshipCalc.app; sourceTree = BUILT_PRODUCTS_DIR; };
		D9802EC3201EED6C000EC5C9 /* AppDelegate.h */ = {isa = PBXFileReference; lastKnownFileType = sourcecode.c.h; path = AppDelegate.h; sourceTree = "<group>"; };
		D9802EC4201EED6C000EC5C9 /* AppDelegate.m */ = {isa = PBXFileReference; lastKnownFileType = sourcecode.c.objc; path = AppDelegate.m; sourceTree = "<group>"; };
		D9802EC6201EED6C000EC5C9 /* ViewController.h */ = {isa = PBXFileReference; lastKnownFileType = sourcecode.c.h; path = ViewController.h; sourceTree = "<group>"; };
		D9802EC7201EED6C000EC5C9 /* ViewController.m */ = {isa = PBXFileReference; lastKnownFileType = sourcecode.c.objc; path = ViewController.m; sourceTree = "<group>"; };
		D9802ECC201EED6C000EC5C9 /* Assets.xcassets */ = {isa = PBXFileReference; lastKnownFileType = folder.assetcatalog; path = Assets.xcassets; sourceTree = "<group>"; };
		D9802ECF201EED6C000EC5C9 /* Base */ = {isa = PBXFileReference; lastKnownFileType = file.storyboard; name = Base; path = Base.lproj/LaunchScreen.storyboard; sourceTree = "<group>"; };
		D9802ED1201EED6C000EC5C9 /* Info.plist */ = {isa = PBXFileReference; lastKnownFileType = text.plist.xml; path = Info.plist; sourceTree = "<group>"; };
		D9802ED2201EED6C000EC5C9 /* main.m */ = {isa = PBXFileReference; lastKnownFileType = sourcecode.c.objc; path = main.m; sourceTree = "<group>"; };
		D9F41186202734A30064A6F2 /* RCRelationViewModel.h */ = {isa = PBXFileReference; lastKnownFileType = sourcecode.c.h; path = RCRelationViewModel.h; sourceTree = "<group>"; };
		D9F41187202734A30064A6F2 /* RCRelationViewModel.m */ = {isa = PBXFileReference; lastKnownFileType = sourcecode.c.objc; path = RCRelationViewModel.m; sourceTree = "<group>"; };
		D9F41189202734F60064A6F2 /* filter.json */ = {isa = PBXFileReference; fileEncoding = 4; lastKnownFileType = text.json; path = filter.json; sourceTree = "<group>"; };
		D9F4118A202734F60064A6F2 /* data.json */ = {isa = PBXFileReference; fileEncoding = 4; lastKnownFileType = text.json; path = data.json; sourceTree = "<group>"; };
		D9F41192202744350064A6F2 /* RelationshipCalcTests.xctest */ = {isa = PBXFileReference; explicitFileType = wrapper.cfbundle; includeInIndex = 0; path = RelationshipCalcTests.xctest; sourceTree = BUILT_PRODUCTS_DIR; };
		D9F41196202744350064A6F2 /* Info.plist */ = {isa = PBXFileReference; lastKnownFileType = text.plist.xml; path = Info.plist; sourceTree = "<group>"; };
		D9F4119C202744470064A6F2 /* RCRelationViewModelTestCase.m */ = {isa = PBXFileReference; lastKnownFileType = sourcecode.c.objc; path = RCRelationViewModelTestCase.m; sourceTree = "<group>"; };
/* End PBXFileReference section */

/* Begin PBXFrameworksBuildPhase section */
		D9802EBD201EED6C000EC5C9 /* Frameworks */ = {
			isa = PBXFrameworksBuildPhase;
			buildActionMask = 2147483647;
			files = (
				A48AA30FAC65C6349842FF54 /* libPods-RelationshipCalc.a in Frameworks */,
			);
			runOnlyForDeploymentPostprocessing = 0;
		};
		D9F4118F202744350064A6F2 /* Frameworks */ = {
			isa = PBXFrameworksBuildPhase;
			buildActionMask = 2147483647;
			files = (
			);
			runOnlyForDeploymentPostprocessing = 0;
		};
/* End PBXFrameworksBuildPhase section */

/* Begin PBXGroup section */
		18BB1AA2202850BA00BB1758 /* Views */ = {
			isa = PBXGroup;
			children = (
				18BB1AAD2028538100BB1758 /* HTColor.h */,
				18BB1AAC2028538100BB1758 /* HTColor.m */,
				18BB1AA92028530D00BB1758 /* UIView+Extension.h */,
				18BB1AAA2028530D00BB1758 /* UIView+Extension.m */,
				18BB1AA6202850C000BB1758 /* UIView+Borders.h */,
				18BB1AA7202850C000BB1758 /* UIView+Borders.m */,
				18BB1AA3202850BA00BB1758 /* HTRelationKeyBoard.h */,
				18BB1AA4202850BA00BB1758 /* HTRelationKeyBoard.m */,
			);
			path = Views;
			sourceTree = "<group>";
		};
		C17C2FF6B8802C93F95B3F00 /* Pods */ = {
			isa = PBXGroup;
			children = (
				440C1417C089A4F42A4464B9 /* Pods-RelationshipCalc.debug.xcconfig */,
				D91AD8D7DFE1CDB7947CAF84 /* Pods-RelationshipCalc.release.xcconfig */,
			);
			name = Pods;
			sourceTree = "<group>";
		};
		D94ACFB4202A94D80088D58D /* ViewController */ = {
			isa = PBXGroup;
			children = (
				D9802EC6201EED6C000EC5C9 /* ViewController.h */,
				D9802EC7201EED6C000EC5C9 /* ViewController.m */,
			);
			path = ViewController;
			sourceTree = "<group>";
		};
		D94ACFB5202A94FA0088D58D /* ViewModel */ = {
			isa = PBXGroup;
			children = (
				D9F41186202734A30064A6F2 /* RCRelationViewModel.h */,
				D9F41187202734A30064A6F2 /* RCRelationViewModel.m */,
			);
			path = ViewModel;
			sourceTree = "<group>";
		};
		D94ACFB6202A95190088D58D /* Utils */ = {
			isa = PBXGroup;
			children = (
				D94ACFB7202A95500088D58D /* RCLogManager.h */,
				D94ACFB8202A95500088D58D /* RCLogManager.m */,
			);
			path = Utils;
			sourceTree = "<group>";
		};
		D9802EB7201EED6C000EC5C9 = {
			isa = PBXGroup;
			children = (
				D9802EC2201EED6C000EC5C9 /* RelationshipCalc */,
				D9F41193202744350064A6F2 /* RelationshipCalcTests */,
				D9802EC1201EED6C000EC5C9 /* Products */,
				C17C2FF6B8802C93F95B3F00 /* Pods */,
				F76FA037796F205F4237F625 /* Frameworks */,
			);
			sourceTree = "<group>";
		};
		D9802EC1201EED6C000EC5C9 /* Products */ = {
			isa = PBXGroup;
			children = (
				D9802EC0201EED6C000EC5C9 /* RelationshipCalc.app */,
				D9F41192202744350064A6F2 /* RelationshipCalcTests.xctest */,
			);
			name = Products;
			sourceTree = "<group>";
		};
		D9802EC2201EED6C000EC5C9 /* RelationshipCalc */ = {
			isa = PBXGroup;
			children = (
				18BB1AA2202850BA00BB1758 /* Views */,
				D94ACFB4202A94D80088D58D /* ViewController */,
				D94ACFB5202A94FA0088D58D /* ViewModel */,
				D94ACFB6202A95190088D58D /* Utils */,
				D9802EC3201EED6C000EC5C9 /* AppDelegate.h */,
				D9802EC4201EED6C000EC5C9 /* AppDelegate.m */,
				D9802ED1201EED6C000EC5C9 /* Info.plist */,
				D9F4118D202735040064A6F2 /* Resources */,
			);
			path = RelationshipCalc;
			sourceTree = "<group>";
		};
		D9F4118D202735040064A6F2 /* Resources */ = {
			isa = PBXGroup;
			children = (
				D9F4118A202734F60064A6F2 /* data.json */,
				D9F41189202734F60064A6F2 /* filter.json */,
				D9802ECC201EED6C000EC5C9 /* Assets.xcassets */,
				D9802ECE201EED6C000EC5C9 /* LaunchScreen.storyboard */,
				D9802ED2201EED6C000EC5C9 /* main.m */,
				D94ACFBA202A98190088D58D /* RelationshipCalc-Prefix.pch */,
			);
			path = Resources;
			sourceTree = "<group>";
		};
		D9F41193202744350064A6F2 /* RelationshipCalcTests */ = {
			isa = PBXGroup;
			children = (
				D9F41196202744350064A6F2 /* Info.plist */,
				D9F4119C202744470064A6F2 /* RCRelationViewModelTestCase.m */,
			);
			path = RelationshipCalcTests;
			sourceTree = "<group>";
		};
		F76FA037796F205F4237F625 /* Frameworks */ = {
			isa = PBXGroup;
			children = (
				20DFE5B8C3AB32EDB786F3C3 /* libPods-RelationshipCalc.a */,
			);
			name = Frameworks;
			sourceTree = "<group>";
		};
/* End PBXGroup section */

/* Begin PBXNativeTarget section */
		D9802EBF201EED6C000EC5C9 /* RelationshipCalc */ = {
			isa = PBXNativeTarget;
			buildConfigurationList = D9802ED6201EED6C000EC5C9 /* Build configuration list for PBXNativeTarget "RelationshipCalc" */;
			buildPhases = (
				C47E5C6B7280B3786839773C /* [CP] Check Pods Manifest.lock */,
				D9802EBC201EED6C000EC5C9 /* Sources */,
				D9802EBD201EED6C000EC5C9 /* Frameworks */,
				D9802EBE201EED6C000EC5C9 /* Resources */,
				38914EFC375175916D08AB80 /* [CP] Embed Pods Frameworks */,
				0CC286DA6BD54281BF4887E2 /* [CP] Copy Pods Resources */,
			);
			buildRules = (
			);
			dependencies = (
			);
			name = RelationshipCalc;
			productName = RelationshipCalc;
			productReference = D9802EC0201EED6C000EC5C9 /* RelationshipCalc.app */;
			productType = "com.apple.product-type.application";
		};
		D9F41191202744350064A6F2 /* RelationshipCalcTests */ = {
			isa = PBXNativeTarget;
			buildConfigurationList = D9F41199202744350064A6F2 /* Build configuration list for PBXNativeTarget "RelationshipCalcTests" */;
			buildPhases = (
				D9F4118E202744350064A6F2 /* Sources */,
				D9F4118F202744350064A6F2 /* Frameworks */,
				D9F41190202744350064A6F2 /* Resources */,
			);
			buildRules = (
			);
			dependencies = (
				D9F41198202744350064A6F2 /* PBXTargetDependency */,
			);
			name = RelationshipCalcTests;
			productName = RelationshipCalcTests;
			productReference = D9F41192202744350064A6F2 /* RelationshipCalcTests.xctest */;
			productType = "com.apple.product-type.bundle.unit-test";
		};
/* End PBXNativeTarget section */

/* Begin PBXProject section */
		D9802EB8201EED6C000EC5C9 /* Project object */ = {
			isa = PBXProject;
			attributes = {
				LastUpgradeCheck = 0920;
				ORGANIZATIONNAME = KS;
				TargetAttributes = {
					D9802EBF201EED6C000EC5C9 = {
						CreatedOnToolsVersion = 9.2;
						ProvisioningStyle = Automatic;
					};
					D9F41191202744350064A6F2 = {
						CreatedOnToolsVersion = 9.2;
						ProvisioningStyle = Automatic;
						TestTargetID = D9802EBF201EED6C000EC5C9;
					};
				};
			};
			buildConfigurationList = D9802EBB201EED6C000EC5C9 /* Build configuration list for PBXProject "RelationshipCalc" */;
			compatibilityVersion = "Xcode 8.0";
			developmentRegion = en;
			hasScannedForEncodings = 0;
			knownRegions = (
				en,
				Base,
			);
			mainGroup = D9802EB7201EED6C000EC5C9;
			productRefGroup = D9802EC1201EED6C000EC5C9 /* Products */;
			projectDirPath = "";
			projectRoot = "";
			targets = (
				D9802EBF201EED6C000EC5C9 /* RelationshipCalc */,
				D9F41191202744350064A6F2 /* RelationshipCalcTests */,
			);
		};
/* End PBXProject section */

/* Begin PBXResourcesBuildPhase section */
		D9802EBE201EED6C000EC5C9 /* Resources */ = {
			isa = PBXResourcesBuildPhase;
			buildActionMask = 2147483647;
			files = (
				D9802ED0201EED6C000EC5C9 /* LaunchScreen.storyboard in Resources */,
				D9F4118B202734F60064A6F2 /* filter.json in Resources */,
				D9802ECD201EED6C000EC5C9 /* Assets.xcassets in Resources */,
				D9F4118C202734F60064A6F2 /* data.json in Resources */,
			);
			runOnlyForDeploymentPostprocessing = 0;
		};
		D9F41190202744350064A6F2 /* Resources */ = {
			isa = PBXResourcesBuildPhase;
			buildActionMask = 2147483647;
			files = (
			);
			runOnlyForDeploymentPostprocessing = 0;
		};
/* End PBXResourcesBuildPhase section */

/* Begin PBXShellScriptBuildPhase section */
		0CC286DA6BD54281BF4887E2 /* [CP] Copy Pods Resources */ = {
			isa = PBXShellScriptBuildPhase;
			buildActionMask = 2147483647;
			files = (
			);
			inputPaths = (
			);
			name = "[CP] Copy Pods Resources";
			outputPaths = (
			);
			runOnlyForDeploymentPostprocessing = 0;
			shellPath = /bin/sh;
			shellScript = "\"${SRCROOT}/Pods/Target Support Files/Pods-RelationshipCalc/Pods-RelationshipCalc-resources.sh\"\n";
			showEnvVarsInLog = 0;
		};
		38914EFC375175916D08AB80 /* [CP] Embed Pods Frameworks */ = {
			isa = PBXShellScriptBuildPhase;
			buildActionMask = 2147483647;
			files = (
			);
			inputPaths = (
			);
			name = "[CP] Embed Pods Frameworks";
			outputPaths = (
			);
			runOnlyForDeploymentPostprocessing = 0;
			shellPath = /bin/sh;
			shellScript = "\"${SRCROOT}/Pods/Target Support Files/Pods-RelationshipCalc/Pods-RelationshipCalc-frameworks.sh\"\n";
			showEnvVarsInLog = 0;
		};
		C47E5C6B7280B3786839773C /* [CP] Check Pods Manifest.lock */ = {
			isa = PBXShellScriptBuildPhase;
			buildActionMask = 2147483647;
			files = (
			);
			inputPaths = (
			);
			name = "[CP] Check Pods Manifest.lock";
			outputPaths = (
			);
			runOnlyForDeploymentPostprocessing = 0;
			shellPath = /bin/sh;
			shellScript = "diff \"${PODS_ROOT}/../Podfile.lock\" \"${PODS_ROOT}/Manifest.lock\" > /dev/null\nif [ $? != 0 ] ; then\n    # print error to STDERR\n    echo \"error: The sandbox is not in sync with the Podfile.lock. Run 'pod install' or update your CocoaPods installation.\" >&2\n    exit 1\nfi\n";
			showEnvVarsInLog = 0;
		};
/* End PBXShellScriptBuildPhase section */

/* Begin PBXSourcesBuildPhase section */
		D9802EBC201EED6C000EC5C9 /* Sources */ = {
			isa = PBXSourcesBuildPhase;
			buildActionMask = 2147483647;
			files = (
				D94ACFB9202A95500088D58D /* RCLogManager.m in Sources */,
				D9802EC8201EED6C000EC5C9 /* ViewController.m in Sources */,
				18BB1AA5202850BA00BB1758 /* HTRelationKeyBoard.m in Sources */,
				18BB1AA8202850C000BB1758 /* UIView+Borders.m in Sources */,
				18BB1AAB2028530D00BB1758 /* UIView+Extension.m in Sources */,
				D9802ED3201EED6C000EC5C9 /* main.m in Sources */,
				D9802EC5201EED6C000EC5C9 /* AppDelegate.m in Sources */,
				D9F41188202734A30064A6F2 /* RCRelationViewModel.m in Sources */,
				18BB1AAE2028538100BB1758 /* HTColor.m in Sources */,
			);
			runOnlyForDeploymentPostprocessing = 0;
		};
		D9F4118E202744350064A6F2 /* Sources */ = {
			isa = PBXSourcesBuildPhase;
			buildActionMask = 2147483647;
			files = (
				D9F4119D202744470064A6F2 /* RCRelationViewModelTestCase.m in Sources */,
			);
			runOnlyForDeploymentPostprocessing = 0;
		};
/* End PBXSourcesBuildPhase section */

/* Begin PBXTargetDependency section */
		D9F41198202744350064A6F2 /* PBXTargetDependency */ = {
			isa = PBXTargetDependency;
			target = D9802EBF201EED6C000EC5C9 /* RelationshipCalc */;
			targetProxy = D9F41197202744350064A6F2 /* PBXContainerItemProxy */;
		};
/* End PBXTargetDependency section */

/* Begin PBXVariantGroup section */
		D9802ECE201EED6C000EC5C9 /* LaunchScreen.storyboard */ = {
			isa = PBXVariantGroup;
			children = (
				D9802ECF201EED6C000EC5C9 /* Base */,
			);
			name = LaunchScreen.storyboard;
			sourceTree = "<group>";
		};
/* End PBXVariantGroup section */

/* Begin XCBuildConfiguration section */
		D9802ED4201EED6C000EC5C9 /* Debug */ = {
			isa = XCBuildConfiguration;
			buildSettings = {
				ALWAYS_SEARCH_USER_PATHS = NO;
				CLANG_ANALYZER_NONNULL = YES;
				CLANG_ANALYZER_NUMBER_OBJECT_CONVERSION = YES_AGGRESSIVE;
				CLANG_CXX_LANGUAGE_STANDARD = "gnu++14";
				CLANG_CXX_LIBRARY = "libc++";
				CLANG_ENABLE_MODULES = YES;
				CLANG_ENABLE_OBJC_ARC = YES;
				CLANG_WARN_BLOCK_CAPTURE_AUTORELEASING = YES;
				CLANG_WARN_BOOL_CONVERSION = YES;
				CLANG_WARN_COMMA = YES;
				CLANG_WARN_CONSTANT_CONVERSION = YES;
				CLANG_WARN_DIRECT_OBJC_ISA_USAGE = YES_ERROR;
				CLANG_WARN_DOCUMENTATION_COMMENTS = YES;
				CLANG_WARN_EMPTY_BODY = YES;
				CLANG_WARN_ENUM_CONVERSION = YES;
				CLANG_WARN_INFINITE_RECURSION = YES;
				CLANG_WARN_INT_CONVERSION = YES;
				CLANG_WARN_NON_LITERAL_NULL_CONVERSION = YES;
				CLANG_WARN_OBJC_LITERAL_CONVERSION = YES;
				CLANG_WARN_OBJC_ROOT_CLASS = YES_ERROR;
				CLANG_WARN_RANGE_LOOP_ANALYSIS = YES;
				CLANG_WARN_STRICT_PROTOTYPES = YES;
				CLANG_WARN_SUSPICIOUS_MOVE = YES;
				CLANG_WARN_UNGUARDED_AVAILABILITY = YES_AGGRESSIVE;
				CLANG_WARN_UNREACHABLE_CODE = YES;
				CLANG_WARN__DUPLICATE_METHOD_MATCH = YES;
				CODE_SIGN_IDENTITY = "iPhone Developer";
				COPY_PHASE_STRIP = NO;
				DEBUG_INFORMATION_FORMAT = dwarf;
				ENABLE_STRICT_OBJC_MSGSEND = YES;
				ENABLE_TESTABILITY = YES;
				GCC_C_LANGUAGE_STANDARD = gnu11;
				GCC_DYNAMIC_NO_PIC = NO;
				GCC_NO_COMMON_BLOCKS = YES;
				GCC_OPTIMIZATION_LEVEL = 0;
				GCC_PREPROCESSOR_DEFINITIONS = (
					"DEBUG=1",
					"$(inherited)",
				);
				GCC_WARN_64_TO_32_BIT_CONVERSION = YES;
				GCC_WARN_ABOUT_RETURN_TYPE = YES_ERROR;
				GCC_WARN_UNDECLARED_SELECTOR = YES;
				GCC_WARN_UNINITIALIZED_AUTOS = YES_AGGRESSIVE;
				GCC_WARN_UNUSED_FUNCTION = YES;
				GCC_WARN_UNUSED_VARIABLE = YES;
				IPHONEOS_DEPLOYMENT_TARGET = 11.2;
				MTL_ENABLE_DEBUG_INFO = YES;
				ONLY_ACTIVE_ARCH = YES;
				SDKROOT = iphoneos;
			};
			name = Debug;
		};
		D9802ED5201EED6C000EC5C9 /* Release */ = {
			isa = XCBuildConfiguration;
			buildSettings = {
				ALWAYS_SEARCH_USER_PATHS = NO;
				CLANG_ANALYZER_NONNULL = YES;
				CLANG_ANALYZER_NUMBER_OBJECT_CONVERSION = YES_AGGRESSIVE;
				CLANG_CXX_LANGUAGE_STANDARD = "gnu++14";
				CLANG_CXX_LIBRARY = "libc++";
				CLANG_ENABLE_MODULES = YES;
				CLANG_ENABLE_OBJC_ARC = YES;
				CLANG_WARN_BLOCK_CAPTURE_AUTORELEASING = YES;
				CLANG_WARN_BOOL_CONVERSION = YES;
				CLANG_WARN_COMMA = YES;
				CLANG_WARN_CONSTANT_CONVERSION = YES;
				CLANG_WARN_DIRECT_OBJC_ISA_USAGE = YES_ERROR;
				CLANG_WARN_DOCUMENTATION_COMMENTS = YES;
				CLANG_WARN_EMPTY_BODY = YES;
				CLANG_WARN_ENUM_CONVERSION = YES;
				CLANG_WARN_INFINITE_RECURSION = YES;
				CLANG_WARN_INT_CONVERSION = YES;
				CLANG_WARN_NON_LITERAL_NULL_CONVERSION = YES;
				CLANG_WARN_OBJC_LITERAL_CONVERSION = YES;
				CLANG_WARN_OBJC_ROOT_CLASS = YES_ERROR;
				CLANG_WARN_RANGE_LOOP_ANALYSIS = YES;
				CLANG_WARN_STRICT_PROTOTYPES = YES;
				CLANG_WARN_SUSPICIOUS_MOVE = YES;
				CLANG_WARN_UNGUARDED_AVAILABILITY = YES_AGGRESSIVE;
				CLANG_WARN_UNREACHABLE_CODE = YES;
				CLANG_WARN__DUPLICATE_METHOD_MATCH = YES;
				CODE_SIGN_IDENTITY = "iPhone Developer";
				COPY_PHASE_STRIP = NO;
				DEBUG_INFORMATION_FORMAT = "dwarf-with-dsym";
				ENABLE_NS_ASSERTIONS = NO;
				ENABLE_STRICT_OBJC_MSGSEND = YES;
				GCC_C_LANGUAGE_STANDARD = gnu11;
				GCC_NO_COMMON_BLOCKS = YES;
				GCC_WARN_64_TO_32_BIT_CONVERSION = YES;
				GCC_WARN_ABOUT_RETURN_TYPE = YES_ERROR;
				GCC_WARN_UNDECLARED_SELECTOR = YES;
				GCC_WARN_UNINITIALIZED_AUTOS = YES_AGGRESSIVE;
				GCC_WARN_UNUSED_FUNCTION = YES;
				GCC_WARN_UNUSED_VARIABLE = YES;
				IPHONEOS_DEPLOYMENT_TARGET = 11.2;
				MTL_ENABLE_DEBUG_INFO = NO;
				SDKROOT = iphoneos;
				VALIDATE_PRODUCT = YES;
			};
			name = Release;
		};
		D9802ED7201EED6C000EC5C9 /* Debug */ = {
			isa = XCBuildConfiguration;
			baseConfigurationReference = 440C1417C089A4F42A4464B9 /* Pods-RelationshipCalc.debug.xcconfig */;
			buildSettings = {
				ASSETCATALOG_COMPILER_APPICON_NAME = AppIcon;
				CODE_SIGN_STYLE = Automatic;
				DEVELOPMENT_TEAM = 5S86SE89PY;
				GCC_PRECOMPILE_PREFIX_HEADER = YES;
				GCC_PREFIX_HEADER = "$(SRCROOT)/RelationshipCalc/Resources/RelationshipCalc-Prefix.pch";
				INFOPLIST_FILE = RelationshipCalc/Info.plist;
				IPHONEOS_DEPLOYMENT_TARGET = 9.0;
				LD_RUNPATH_SEARCH_PATHS = "$(inherited) @executable_path/Frameworks";
				PRODUCT_BUNDLE_IDENTIFIER = me.kuaisave.monkey;
				PRODUCT_NAME = "$(TARGET_NAME)";
				TARGETED_DEVICE_FAMILY = 1;
			};
			name = Debug;
		};
		D9802ED8201EED6C000EC5C9 /* Release */ = {
			isa = XCBuildConfiguration;
			baseConfigurationReference = D91AD8D7DFE1CDB7947CAF84 /* Pods-RelationshipCalc.release.xcconfig */;
			buildSettings = {
				ASSETCATALOG_COMPILER_APPICON_NAME = AppIcon;
				CODE_SIGN_STYLE = Automatic;
				DEVELOPMENT_TEAM = 5S86SE89PY;
				GCC_PRECOMPILE_PREFIX_HEADER = YES;
				GCC_PREFIX_HEADER = "$(SRCROOT)/RelationshipCalc/Resources/RelationshipCalc-Prefix.pch";
				INFOPLIST_FILE = RelationshipCalc/Info.plist;
				IPHONEOS_DEPLOYMENT_TARGET = 9.0;
				LD_RUNPATH_SEARCH_PATHS = "$(inherited) @executable_path/Frameworks";
				PRODUCT_BUNDLE_IDENTIFIER = me.kuaisave.monkey;
				PRODUCT_NAME = "$(TARGET_NAME)";
				TARGETED_DEVICE_FAMILY = 1;
			};
			name = Release;
		};
		D9F4119A202744350064A6F2 /* Debug */ = {
			isa = XCBuildConfiguration;
			buildSettings = {
				BUNDLE_LOADER = "$(TEST_HOST)";
				CODE_SIGN_STYLE = Automatic;
				DEVELOPMENT_TEAM = 5S86SE89PY;
				INFOPLIST_FILE = RelationshipCalcTests/Info.plist;
				LD_RUNPATH_SEARCH_PATHS = "$(inherited) @executable_path/Frameworks @loader_path/Frameworks";
				PRODUCT_BUNDLE_IDENTIFIER = me.kuaisave.RelationshipCalcTests;
				PRODUCT_NAME = "$(TARGET_NAME)";
				TARGETED_DEVICE_FAMILY = "1,2";
				TEST_HOST = "$(BUILT_PRODUCTS_DIR)/RelationshipCalc.app/RelationshipCalc";
			};
			name = Debug;
		};
		D9F4119B202744350064A6F2 /* Release */ = {
			isa = XCBuildConfiguration;
			buildSettings = {
				BUNDLE_LOADER = "$(TEST_HOST)";
				CODE_SIGN_STYLE = Automatic;
				DEVELOPMENT_TEAM = 5S86SE89PY;
				INFOPLIST_FILE = RelationshipCalcTests/Info.plist;
				LD_RUNPATH_SEARCH_PATHS = "$(inherited) @executable_path/Frameworks @loader_path/Frameworks";
				PRODUCT_BUNDLE_IDENTIFIER = me.kuaisave.RelationshipCalcTests;
				PRODUCT_NAME = "$(TARGET_NAME)";
				TARGETED_DEVICE_FAMILY = "1,2";
				TEST_HOST = "$(BUILT_PRODUCTS_DIR)/RelationshipCalc.app/RelationshipCalc";
			};
			name = Release;
		};
/* End XCBuildConfiguration section */

/* Begin XCConfigurationList section */
		D9802EBB201EED6C000EC5C9 /* Build configuration list for PBXProject "RelationshipCalc" */ = {
			isa = XCConfigurationList;
			buildConfigurations = (
				D9802ED4201EED6C000EC5C9 /* Debug */,
				D9802ED5201EED6C000EC5C9 /* Release */,
			);
			defaultConfigurationIsVisible = 0;
			defaultConfigurationName = Release;
		};
		D9802ED6201EED6C000EC5C9 /* Build configuration list for PBXNativeTarget "RelationshipCalc" */ = {
			isa = XCConfigurationList;
			buildConfigurations = (
				D9802ED7201EED6C000EC5C9 /* Debug */,
				D9802ED8201EED6C000EC5C9 /* Release */,
			);
			defaultConfigurationIsVisible = 0;
			defaultConfigurationName = Release;
		};
		D9F41199202744350064A6F2 /* Build configuration list for PBXNativeTarget "RelationshipCalcTests" */ = {
			isa = XCConfigurationList;
			buildConfigurations = (
				D9F4119A202744350064A6F2 /* Debug */,
				D9F4119B202744350064A6F2 /* Release */,
			);
			defaultConfigurationIsVisible = 0;
			defaultConfigurationName = Release;
		};
/* End XCConfigurationList section */
	};
	rootObject = D9802EB8201EED6C000EC5C9 /* Project object */;
}
